PODS:
  - boost (1.76.0)
  - CocoaAsyncSocket (7.6.5)
  - DoubleConversion (1.1.6)
  - FBLazyVector (0.67.2)
  - FBReactNativeSpec (0.67.2):
    - RCT-Folly (= 2021.06.28.00-v2)
    - RCTRequired (= 0.67.2)
    - RCTTypeSafety (= 0.67.2)
    - React-Core (= 0.67.2)
    - React-jsi (= 0.67.2)
    - ReactCommon/turbomodule/core (= 0.67.2)
  - Firebase/Auth (7.3.0):
    - Firebase/CoreOnly
    - FirebaseAuth (~> 7.3.0)
  - Firebase/CoreOnly (7.3.0):
    - FirebaseCore (= 7.3.0)
  - FirebaseAuth (7.3.0):
    - FirebaseCore (~> 7.0)
    - GoogleUtilities/AppDelegateSwizzler (~> 7.0)
    - GoogleUtilities/Environment (~> 7.0)
    - GTMSessionFetcher/Core (~> 1.4)
  - FirebaseCore (7.3.0):
    - FirebaseCoreDiagnostics (~> 7.0)
    - GoogleUtilities/Environment (~> 7.0)
    - GoogleUtilities/Logger (~> 7.0)
  - FirebaseCoreDiagnostics (7.3.0):
    - GoogleDataTransport (~> 8.0)
    - GoogleUtilities/Environment (~> 7.0)
    - GoogleUtilities/Logger (~> 7.0)
    - nanopb (~> 2.30906.0)
  - Flipper (0.99.0):
    - Flipper-Folly (~> 2.6)
    - Flipper-RSocket (~> 1.4)
  - Flipper-Boost-iOSX (1.76.0.1.11)
  - Flipper-DoubleConversion (3.1.7)
  - Flipper-Fmt (7.1.7)
  - Flipper-Folly (2.6.7):
    - Flipper-Boost-iOSX
    - Flipper-DoubleConversion
    - Flipper-Fmt (= 7.1.7)
    - Flipper-Glog
    - libevent (~> 2.1.12)
    - OpenSSL-Universal (= 1.1.180)
  - Flipper-Glog (0.3.6)
  - Flipper-PeerTalk (0.0.4)
  - Flipper-RSocket (1.4.3):
    - Flipper-Folly (~> 2.6)
  - FlipperKit (0.99.0):
    - FlipperKit/Core (= 0.99.0)
  - FlipperKit/Core (0.99.0):
    - Flipper (~> 0.99.0)
    - FlipperKit/CppBridge
    - FlipperKit/FBCxxFollyDynamicConvert
    - FlipperKit/FBDefines
    - FlipperKit/FKPortForwarding
  - FlipperKit/CppBridge (0.99.0):
    - Flipper (~> 0.99.0)
  - FlipperKit/FBCxxFollyDynamicConvert (0.99.0):
    - Flipper-Folly (~> 2.6)
  - FlipperKit/FBDefines (0.99.0)
  - FlipperKit/FKPortForwarding (0.99.0):
    - CocoaAsyncSocket (~> 7.6)
    - Flipper-PeerTalk (~> 0.0.4)
  - FlipperKit/FlipperKitHighlightOverlay (0.99.0)
  - FlipperKit/FlipperKitLayoutHelpers (0.99.0):
    - FlipperKit/Core
    - FlipperKit/FlipperKitHighlightOverlay
    - FlipperKit/FlipperKitLayoutTextSearchable
  - FlipperKit/FlipperKitLayoutIOSDescriptors (0.99.0):
    - FlipperKit/Core
    - FlipperKit/FlipperKitHighlightOverlay
    - FlipperKit/FlipperKitLayoutHelpers
    - YogaKit (~> 1.18)
  - FlipperKit/FlipperKitLayoutPlugin (0.99.0):
    - FlipperKit/Core
    - FlipperKit/FlipperKitHighlightOverlay
    - FlipperKit/FlipperKitLayoutHelpers
    - FlipperKit/FlipperKitLayoutIOSDescriptors
    - FlipperKit/FlipperKitLayoutTextSearchable
    - YogaKit (~> 1.18)
  - FlipperKit/FlipperKitLayoutTextSearchable (0.99.0)
  - FlipperKit/FlipperKitNetworkPlugin (0.99.0):
    - FlipperKit/Core
  - FlipperKit/FlipperKitReactPlugin (0.99.0):
    - FlipperKit/Core
  - FlipperKit/FlipperKitUserDefaultsPlugin (0.99.0):
    - FlipperKit/Core
  - FlipperKit/SKIOSNetworkPlugin (0.99.0):
    - FlipperKit/Core
    - FlipperKit/FlipperKitNetworkPlugin
  - fmt (6.2.1)
  - glog (0.3.5)
  - GoogleDataTransport (8.1.0):
    - nanopb (~> 2.30906.0)
  - GoogleUtilities/AppDelegateSwizzler (7.1.1):
    - GoogleUtilities/Environment
    - GoogleUtilities/Logger
    - GoogleUtilities/Network
  - GoogleUtilities/Environment (7.1.1):
    - PromisesObjC (~> 1.2)
  - GoogleUtilities/Logger (7.1.1):
    - GoogleUtilities/Environment
  - GoogleUtilities/Network (7.1.1):
    - GoogleUtilities/Logger
    - "GoogleUtilities/NSData+zlib"
    - GoogleUtilities/Reachability
  - "GoogleUtilities/NSData+zlib (7.1.1)"
  - GoogleUtilities/Reachability (7.1.1):
    - GoogleUtilities/Logger
  - GTMSessionFetcher/Core (1.5.0)
  - libevent (2.1.12)
  - nanopb (2.30906.0):
    - nanopb/decode (= 2.30906.0)
    - nanopb/encode (= 2.30906.0)
  - nanopb/decode (2.30906.0)
  - nanopb/encode (2.30906.0)
  - OpenSSL-Universal (1.1.180)
  - PromisesObjC (1.2.12)
  - RCT-Folly (2021.06.28.00-v2):
    - boost
    - DoubleConversion
    - fmt (~> 6.2.1)
    - glog
    - RCT-Folly/Default (= 2021.06.28.00-v2)
  - RCT-Folly/Default (2021.06.28.00-v2):
    - boost
    - DoubleConversion
    - fmt (~> 6.2.1)
    - glog
  - RCTRequired (0.67.2)
  - RCTTypeSafety (0.67.2):
    - FBLazyVector (= 0.67.2)
    - RCT-Folly (= 2021.06.28.00-v2)
    - RCTRequired (= 0.67.2)
    - React-Core (= 0.67.2)
  - React (0.67.2):
    - React-Core (= 0.67.2)
    - React-Core/DevSupport (= 0.67.2)
    - React-Core/RCTWebSocket (= 0.67.2)
    - React-RCTActionSheet (= 0.67.2)
    - React-RCTAnimation (= 0.67.2)
    - React-RCTBlob (= 0.67.2)
    - React-RCTImage (= 0.67.2)
    - React-RCTLinking (= 0.67.2)
    - React-RCTNetwork (= 0.67.2)
    - React-RCTSettings (= 0.67.2)
    - React-RCTText (= 0.67.2)
    - React-RCTVibration (= 0.67.2)
  - React-callinvoker (0.67.2)
  - React-Core (0.67.2):
    - glog
    - RCT-Folly (= 2021.06.28.00-v2)
    - React-Core/Default (= 0.67.2)
    - React-cxxreact (= 0.67.2)
    - React-jsi (= 0.67.2)
    - React-jsiexecutor (= 0.67.2)
    - React-perflogger (= 0.67.2)
    - Yoga
  - React-Core/CoreModulesHeaders (0.67.2):
    - glog
    - RCT-Folly (= 2021.06.28.00-v2)
    - React-Core/Default
    - React-cxxreact (= 0.67.2)
    - React-jsi (= 0.67.2)
    - React-jsiexecutor (= 0.67.2)
    - React-perflogger (= 0.67.2)
    - Yoga
  - React-Core/Default (0.67.2):
    - glog
    - RCT-Folly (= 2021.06.28.00-v2)
    - React-cxxreact (= 0.67.2)
    - React-jsi (= 0.67.2)
    - React-jsiexecutor (= 0.67.2)
    - React-perflogger (= 0.67.2)
    - Yoga
  - React-Core/DevSupport (0.67.2):
    - glog
    - RCT-Folly (= 2021.06.28.00-v2)
    - React-Core/Default (= 0.67.2)
    - React-Core/RCTWebSocket (= 0.67.2)
    - React-cxxreact (= 0.67.2)
    - React-jsi (= 0.67.2)
    - React-jsiexecutor (= 0.67.2)
    - React-jsinspector (= 0.67.2)
    - React-perflogger (= 0.67.2)
    - Yoga
  - React-Core/RCTActionSheetHeaders (0.67.2):
    - glog
    - RCT-Folly (= 2021.06.28.00-v2)
    - React-Core/Default
    - React-cxxreact (= 0.67.2)
    - React-jsi (= 0.67.2)
    - React-jsiexecutor (= 0.67.2)
    - React-perflogger (= 0.67.2)
    - Yoga
  - React-Core/RCTAnimationHeaders (0.67.2):
    - glog
    - RCT-Folly (= 2021.06.28.00-v2)
    - React-Core/Default
    - React-cxxreact (= 0.67.2)
    - React-jsi (= 0.67.2)
    - React-jsiexecutor (= 0.67.2)
    - React-perflogger (= 0.67.2)
    - Yoga
  - React-Core/RCTBlobHeaders (0.67.2):
    - glog
    - RCT-Folly (= 2021.06.28.00-v2)
    - React-Core/Default
    - React-cxxreact (= 0.67.2)
    - React-jsi (= 0.67.2)
    - React-jsiexecutor (= 0.67.2)
    - React-perflogger (= 0.67.2)
    - Yoga
  - React-Core/RCTImageHeaders (0.67.2):
    - glog
    - RCT-Folly (= 2021.06.28.00-v2)
    - React-Core/Default
    - React-cxxreact (= 0.67.2)
    - React-jsi (= 0.67.2)
    - React-jsiexecutor (= 0.67.2)
    - React-perflogger (= 0.67.2)
    - Yoga
  - React-Core/RCTLinkingHeaders (0.67.2):
    - glog
    - RCT-Folly (= 2021.06.28.00-v2)
    - React-Core/Default
    - React-cxxreact (= 0.67.2)
    - React-jsi (= 0.67.2)
    - React-jsiexecutor (= 0.67.2)
    - React-perflogger (= 0.67.2)
    - Yoga
  - React-Core/RCTNetworkHeaders (0.67.2):
    - glog
    - RCT-Folly (= 2021.06.28.00-v2)
    - React-Core/Default
    - React-cxxreact (= 0.67.2)
    - React-jsi (= 0.67.2)
    - React-jsiexecutor (= 0.67.2)
    - React-perflogger (= 0.67.2)
    - Yoga
  - React-Core/RCTSettingsHeaders (0.67.2):
    - glog
    - RCT-Folly (= 2021.06.28.00-v2)
    - React-Core/Default
    - React-cxxreact (= 0.67.2)
    - React-jsi (= 0.67.2)
    - React-jsiexecutor (= 0.67.2)
    - React-perflogger (= 0.67.2)
    - Yoga
  - React-Core/RCTTextHeaders (0.67.2):
    - glog
    - RCT-Folly (= 2021.06.28.00-v2)
    - React-Core/Default
    - React-cxxreact (= 0.67.2)
    - React-jsi (= 0.67.2)
    - React-jsiexecutor (= 0.67.2)
    - React-perflogger (= 0.67.2)
    - Yoga
  - React-Core/RCTVibrationHeaders (0.67.2):
    - glog
    - RCT-Folly (= 2021.06.28.00-v2)
    - React-Core/Default
    - React-cxxreact (= 0.67.2)
    - React-jsi (= 0.67.2)
    - React-jsiexecutor (= 0.67.2)
    - React-perflogger (= 0.67.2)
    - Yoga
  - React-Core/RCTWebSocket (0.67.2):
    - glog
    - RCT-Folly (= 2021.06.28.00-v2)
    - React-Core/Default (= 0.67.2)
    - React-cxxreact (= 0.67.2)
    - React-jsi (= 0.67.2)
    - React-jsiexecutor (= 0.67.2)
    - React-perflogger (= 0.67.2)
    - Yoga
  - React-CoreModules (0.67.2):
    - FBReactNativeSpec (= 0.67.2)
    - RCT-Folly (= 2021.06.28.00-v2)
    - RCTTypeSafety (= 0.67.2)
    - React-Core/CoreModulesHeaders (= 0.67.2)
    - React-jsi (= 0.67.2)
    - React-RCTImage (= 0.67.2)
    - ReactCommon/turbomodule/core (= 0.67.2)
  - React-cxxreact (0.67.2):
    - boost (= 1.76.0)
    - DoubleConversion
    - glog
    - RCT-Folly (= 2021.06.28.00-v2)
    - React-callinvoker (= 0.67.2)
    - React-jsi (= 0.67.2)
    - React-jsinspector (= 0.67.2)
    - React-logger (= 0.67.2)
    - React-perflogger (= 0.67.2)
    - React-runtimeexecutor (= 0.67.2)
  - React-jsi (0.67.2):
    - boost (= 1.76.0)
    - DoubleConversion
    - glog
    - RCT-Folly (= 2021.06.28.00-v2)
    - React-jsi/Default (= 0.67.2)
  - React-jsi/Default (0.67.2):
    - boost (= 1.76.0)
    - DoubleConversion
    - glog
    - RCT-Folly (= 2021.06.28.00-v2)
  - React-jsiexecutor (0.67.2):
    - DoubleConversion
    - glog
    - RCT-Folly (= 2021.06.28.00-v2)
    - React-cxxreact (= 0.67.2)
    - React-jsi (= 0.67.2)
    - React-perflogger (= 0.67.2)
  - React-jsinspector (0.67.2)
  - React-logger (0.67.2):
    - glog
  - react-native-safe-area-context (3.1.6):
    - React
  - React-perflogger (0.67.2)
  - React-RCTActionSheet (0.67.2):
    - React-Core/RCTActionSheetHeaders (= 0.67.2)
  - React-RCTAnimation (0.67.2):
    - FBReactNativeSpec (= 0.67.2)
    - RCT-Folly (= 2021.06.28.00-v2)
    - RCTTypeSafety (= 0.67.2)
    - React-Core/RCTAnimationHeaders (= 0.67.2)
    - React-jsi (= 0.67.2)
    - ReactCommon/turbomodule/core (= 0.67.2)
  - React-RCTBlob (0.67.2):
    - FBReactNativeSpec (= 0.67.2)
    - RCT-Folly (= 2021.06.28.00-v2)
    - React-Core/RCTBlobHeaders (= 0.67.2)
    - React-Core/RCTWebSocket (= 0.67.2)
    - React-jsi (= 0.67.2)
    - React-RCTNetwork (= 0.67.2)
    - ReactCommon/turbomodule/core (= 0.67.2)
  - React-RCTImage (0.67.2):
    - FBReactNativeSpec (= 0.67.2)
    - RCT-Folly (= 2021.06.28.00-v2)
    - RCTTypeSafety (= 0.67.2)
    - React-Core/RCTImageHeaders (= 0.67.2)
    - React-jsi (= 0.67.2)
    - React-RCTNetwork (= 0.67.2)
    - ReactCommon/turbomodule/core (= 0.67.2)
  - React-RCTLinking (0.67.2):
    - FBReactNativeSpec (= 0.67.2)
    - React-Core/RCTLinkingHeaders (= 0.67.2)
    - React-jsi (= 0.67.2)
    - ReactCommon/turbomodule/core (= 0.67.2)
  - React-RCTNetwork (0.67.2):
    - FBReactNativeSpec (= 0.67.2)
    - RCT-Folly (= 2021.06.28.00-v2)
    - RCTTypeSafety (= 0.67.2)
    - React-Core/RCTNetworkHeaders (= 0.67.2)
    - React-jsi (= 0.67.2)
    - ReactCommon/turbomodule/core (= 0.67.2)
  - React-RCTSettings (0.67.2):
    - FBReactNativeSpec (= 0.67.2)
    - RCT-Folly (= 2021.06.28.00-v2)
    - RCTTypeSafety (= 0.67.2)
    - React-Core/RCTSettingsHeaders (= 0.67.2)
    - React-jsi (= 0.67.2)
    - ReactCommon/turbomodule/core (= 0.67.2)
  - React-RCTText (0.67.2):
    - React-Core/RCTTextHeaders (= 0.67.2)
  - React-RCTVibration (0.67.2):
    - FBReactNativeSpec (= 0.67.2)
    - RCT-Folly (= 2021.06.28.00-v2)
    - React-Core/RCTVibrationHeaders (= 0.67.2)
    - React-jsi (= 0.67.2)
    - ReactCommon/turbomodule/core (= 0.67.2)
  - React-runtimeexecutor (0.67.2):
    - React-jsi (= 0.67.2)
  - ReactCommon/turbomodule/core (0.67.2):
    - DoubleConversion
    - glog
    - RCT-Folly (= 2021.06.28.00-v2)
    - React-callinvoker (= 0.67.2)
    - React-Core (= 0.67.2)
    - React-cxxreact (= 0.67.2)
    - React-jsi (= 0.67.2)
    - React-logger (= 0.67.2)
    - React-perflogger (= 0.67.2)
  - RNCMaskedView (0.1.10):
    - React
  - RNFBApp (10.3.0):
    - Firebase/CoreOnly (~> 7.3.0)
    - React-Core
  - RNFBAuth (10.3.1):
    - Firebase/Auth (~> 7.3.0)
    - React-Core
    - RNFBApp
  - RNGestureHandler (1.7.0):
    - React
  - RNReanimated (1.13.0):
    - React
  - RNScreens (2.10.1):
    - React
  - Yoga (1.14.0)
  - YogaKit (1.18.1):
    - Yoga (~> 1.14)

DEPENDENCIES:
  - boost (from `../node_modules/react-native/third-party-podspecs/boost.podspec`)
  - DoubleConversion (from `../node_modules/react-native/third-party-podspecs/DoubleConversion.podspec`)
  - FBLazyVector (from `../node_modules/react-native/Libraries/FBLazyVector`)
  - FBReactNativeSpec (from `../node_modules/react-native/React/FBReactNativeSpec`)
  - Flipper (= 0.99.0)
  - Flipper-Boost-iOSX (= 1.76.0.1.11)
  - Flipper-DoubleConversion (= 3.1.7)
  - Flipper-Fmt (= 7.1.7)
  - Flipper-Folly (= 2.6.7)
  - Flipper-Glog (= 0.3.6)
  - Flipper-PeerTalk (= 0.0.4)
  - Flipper-RSocket (= 1.4.3)
  - FlipperKit (= 0.99.0)
  - FlipperKit/Core (= 0.99.0)
  - FlipperKit/CppBridge (= 0.99.0)
  - FlipperKit/FBCxxFollyDynamicConvert (= 0.99.0)
  - FlipperKit/FBDefines (= 0.99.0)
  - FlipperKit/FKPortForwarding (= 0.99.0)
  - FlipperKit/FlipperKitHighlightOverlay (= 0.99.0)
  - FlipperKit/FlipperKitLayoutPlugin (= 0.99.0)
  - FlipperKit/FlipperKitLayoutTextSearchable (= 0.99.0)
  - FlipperKit/FlipperKitNetworkPlugin (= 0.99.0)
  - FlipperKit/FlipperKitReactPlugin (= 0.99.0)
  - FlipperKit/FlipperKitUserDefaultsPlugin (= 0.99.0)
  - FlipperKit/SKIOSNetworkPlugin (= 0.99.0)
  - glog (from `../node_modules/react-native/third-party-podspecs/glog.podspec`)
  - OpenSSL-Universal (= 1.1.180)
  - RCT-Folly (from `../node_modules/react-native/third-party-podspecs/RCT-Folly.podspec`)
  - RCTRequired (from `../node_modules/react-native/Libraries/RCTRequired`)
  - RCTTypeSafety (from `../node_modules/react-native/Libraries/TypeSafety`)
  - React (from `../node_modules/react-native/`)
  - React-callinvoker (from `../node_modules/react-native/ReactCommon/callinvoker`)
  - React-Core (from `../node_modules/react-native/`)
  - React-Core/DevSupport (from `../node_modules/react-native/`)
  - React-Core/RCTWebSocket (from `../node_modules/react-native/`)
  - React-CoreModules (from `../node_modules/react-native/React/CoreModules`)
  - React-cxxreact (from `../node_modules/react-native/ReactCommon/cxxreact`)
  - React-jsi (from `../node_modules/react-native/ReactCommon/jsi`)
  - React-jsiexecutor (from `../node_modules/react-native/ReactCommon/jsiexecutor`)
  - React-jsinspector (from `../node_modules/react-native/ReactCommon/jsinspector`)
  - React-logger (from `../node_modules/react-native/ReactCommon/logger`)
  - react-native-safe-area-context (from `../node_modules/react-native-safe-area-context`)
  - React-perflogger (from `../node_modules/react-native/ReactCommon/reactperflogger`)
  - React-RCTActionSheet (from `../node_modules/react-native/Libraries/ActionSheetIOS`)
  - React-RCTAnimation (from `../node_modules/react-native/Libraries/NativeAnimation`)
  - React-RCTBlob (from `../node_modules/react-native/Libraries/Blob`)
  - React-RCTImage (from `../node_modules/react-native/Libraries/Image`)
  - React-RCTLinking (from `../node_modules/react-native/Libraries/LinkingIOS`)
  - React-RCTNetwork (from `../node_modules/react-native/Libraries/Network`)
  - React-RCTSettings (from `../node_modules/react-native/Libraries/Settings`)
  - React-RCTText (from `../node_modules/react-native/Libraries/Text`)
  - React-RCTVibration (from `../node_modules/react-native/Libraries/Vibration`)
  - React-runtimeexecutor (from `../node_modules/react-native/ReactCommon/runtimeexecutor`)
  - ReactCommon/turbomodule/core (from `../node_modules/react-native/ReactCommon`)
  - "RNCMaskedView (from `../node_modules/@react-native-community/masked-view`)"
  - "RNFBApp (from `../node_modules/@react-native-firebase/app`)"
  - "RNFBAuth (from `../node_modules/@react-native-firebase/auth`)"
  - RNGestureHandler (from `../node_modules/react-native-gesture-handler`)
  - RNReanimated (from `../node_modules/react-native-reanimated`)
  - RNScreens (from `../node_modules/react-native-screens`)
  - Yoga (from `../node_modules/react-native/ReactCommon/yoga`)

SPEC REPOS:
  trunk:
    - CocoaAsyncSocket
    - Firebase
    - FirebaseAuth
    - FirebaseCore
    - FirebaseCoreDiagnostics
    - Flipper
    - Flipper-Boost-iOSX
    - Flipper-DoubleConversion
    - Flipper-Fmt
    - Flipper-Folly
    - Flipper-Glog
    - Flipper-PeerTalk
    - Flipper-RSocket
    - FlipperKit
    - fmt
    - GoogleDataTransport
    - GoogleUtilities
    - GTMSessionFetcher
    - libevent
    - nanopb
    - OpenSSL-Universal
    - PromisesObjC
    - YogaKit

EXTERNAL SOURCES:
  boost:
    :podspec: "../node_modules/react-native/third-party-podspecs/boost.podspec"
  DoubleConversion:
    :podspec: "../node_modules/react-native/third-party-podspecs/DoubleConversion.podspec"
  FBLazyVector:
    :path: "../node_modules/react-native/Libraries/FBLazyVector"
  FBReactNativeSpec:
    :path: "../node_modules/react-native/React/FBReactNativeSpec"
  glog:
    :podspec: "../node_modules/react-native/third-party-podspecs/glog.podspec"
  RCT-Folly:
    :podspec: "../node_modules/react-native/third-party-podspecs/RCT-Folly.podspec"
  RCTRequired:
    :path: "../node_modules/react-native/Libraries/RCTRequired"
  RCTTypeSafety:
    :path: "../node_modules/react-native/Libraries/TypeSafety"
  React:
    :path: "../node_modules/react-native/"
  React-callinvoker:
    :path: "../node_modules/react-native/ReactCommon/callinvoker"
  React-Core:
    :path: "../node_modules/react-native/"
  React-CoreModules:
    :path: "../node_modules/react-native/React/CoreModules"
  React-cxxreact:
    :path: "../node_modules/react-native/ReactCommon/cxxreact"
  React-jsi:
    :path: "../node_modules/react-native/ReactCommon/jsi"
  React-jsiexecutor:
    :path: "../node_modules/react-native/ReactCommon/jsiexecutor"
  React-jsinspector:
    :path: "../node_modules/react-native/ReactCommon/jsinspector"
  React-logger:
    :path: "../node_modules/react-native/ReactCommon/logger"
  react-native-safe-area-context:
    :path: "../node_modules/react-native-safe-area-context"
  React-perflogger:
    :path: "../node_modules/react-native/ReactCommon/reactperflogger"
  React-RCTActionSheet:
    :path: "../node_modules/react-native/Libraries/ActionSheetIOS"
  React-RCTAnimation:
    :path: "../node_modules/react-native/Libraries/NativeAnimation"
  React-RCTBlob:
    :path: "../node_modules/react-native/Libraries/Blob"
  React-RCTImage:
    :path: "../node_modules/react-native/Libraries/Image"
  React-RCTLinking:
    :path: "../node_modules/react-native/Libraries/LinkingIOS"
  React-RCTNetwork:
    :path: "../node_modules/react-native/Libraries/Network"
  React-RCTSettings:
    :path: "../node_modules/react-native/Libraries/Settings"
  React-RCTText:
    :path: "../node_modules/react-native/Libraries/Text"
  React-RCTVibration:
    :path: "../node_modules/react-native/Libraries/Vibration"
  React-runtimeexecutor:
    :path: "../node_modules/react-native/ReactCommon/runtimeexecutor"
  ReactCommon:
    :path: "../node_modules/react-native/ReactCommon"
  RNCMaskedView:
    :path: "../node_modules/@react-native-community/masked-view"
  RNFBApp:
    :path: "../node_modules/@react-native-firebase/app"
  RNFBAuth:
    :path: "../node_modules/@react-native-firebase/auth"
  RNGestureHandler:
    :path: "../node_modules/react-native-gesture-handler"
  RNReanimated:
    :path: "../node_modules/react-native-reanimated"
  RNScreens:
    :path: "../node_modules/react-native-screens"
  Yoga:
    :path: "../node_modules/react-native/ReactCommon/yoga"

SPEC CHECKSUMS:
  boost: a7c83b31436843459a1961bfd74b96033dc77234
  CocoaAsyncSocket: 065fd1e645c7abab64f7a6a2007a48038fdc6a99
  DoubleConversion: cde416483dac037923206447da6e1454df403714
  FBLazyVector: 244195e30d63d7f564c55da4410b9a24e8fbceaa
  FBReactNativeSpec: c94002c1d93da3658f4d5119c6994d19961e3d52
  Firebase: 26223c695fe322633274198cb19dca8cb7e54416
  FirebaseAuth: c224a0cf1afa0949bd5c7bfcf154b4f5ce8ddef2
  FirebaseCore: 4d3c72622ce0e2106aaa07bb4b2935ba2c370972
  FirebaseCoreDiagnostics: d50e11039e5984d92c8a512be2395f13df747350
  Flipper: 30e8eeeed6abdc98edaf32af0cda2f198be4b733
  Flipper-Boost-iOSX: fd1e2b8cbef7e662a122412d7ac5f5bea715403c
  Flipper-DoubleConversion: 57ffbe81ef95306cc9e69c4aa3aeeeeb58a6a28c
  Flipper-Fmt: 60cbdd92fc254826e61d669a5d87ef7015396a9b
  Flipper-Folly: 83af37379faa69497529e414bd43fbfc7cae259a
  Flipper-Glog: 1dfd6abf1e922806c52ceb8701a3599a79a200a6
  Flipper-PeerTalk: 116d8f857dc6ef55c7a5a75ea3ceaafe878aadc9
  Flipper-RSocket: d9d9ade67cbecf6ac10730304bf5607266dd2541
  FlipperKit: d8d346844eca5d9120c17d441a2f38596e8ed2b9
  fmt: ff9d55029c625d3757ed641535fd4a75fedc7ce9
  glog: 40a13f7840415b9a77023fbcae0f1e6f43192af3
  GoogleDataTransport: 116c84c4bdeb76be2a7a46de51244368f9794eab
  GoogleUtilities: 3dc4ff0d5e4840e2fa8eef0889620e8c33d4218c
  GTMSessionFetcher: b3503b20a988c4e20cc189aa798fd18220133f52
  libevent: 4049cae6c81cdb3654a443be001fb9bdceff7913
  nanopb: 1bf24dd71191072e120b83dd02d08f3da0d65e53
  OpenSSL-Universal: 1aa4f6a6ee7256b83db99ec1ccdaa80d10f9af9b
  PromisesObjC: 3113f7f76903778cf4a0586bd1ab89329a0b7b97
  RCT-Folly: 803a9cfd78114b2ec0f140cfa6fa2a6bafb2d685
  RCTRequired: cd47794163052d2b8318c891a7a14fcfaccc75ab
  RCTTypeSafety: 393bb40b3e357b224cde53d3fec26813c52428b1
  React: dec6476bc27155b250eeadfc11ea779265f53ebf
  React-callinvoker: e5047929e80aea942e6fdd96482504ef0189ca63
  React-Core: e382655566b2b9a6e3b4f641d777b7bfdbe52358
  React-CoreModules: cf262e82fa101c0aee022b6f90d1a5b612038b64
  React-cxxreact: 69d53de3b30c7c161ba087ca1ecdffed9ccb1039
  React-jsi: ce9a2d804adf75809ce2fe2374ba3fbbf5d59b03
  React-jsiexecutor: 52beb652bbc61201bd70cbe4f0b8edb607e8da4f
  React-jsinspector: 595f76eba2176ebd8817a1fffd47b84fbdab9383
  React-logger: 23de8ea0f44fa00ee77e96060273225607fd4d78
  react-native-safe-area-context: 4fb3cdeb4a405ec19f18aca80ef2144381ffc761
  React-perflogger: 3c9bb7372493e49036f07a82c44c8cf65cbe88db
  React-RCTActionSheet: 052606483045a408693aa7e864410b4a052f541a
  React-RCTAnimation: 08d4cac13222bb1348c687a0158dfd3b577cdb63
  React-RCTBlob: 928ad1df65219c3d9e2ac80983b943a75b5c3629
  React-RCTImage: 524d7313b142a39ee0e20fa312b67277917fe076
  React-RCTLinking: 44036ea6f13a2e46238be07a67566247fee35244
  React-RCTNetwork: 9b6faacf1e0789253e319ca53b1f8d92c2ac5455
  React-RCTSettings: ecd8094f831130a49581d5112a8607220e5d12a5
  React-RCTText: 14ba976fb48ed283cfdb1a754a5d4276471e0152
  React-RCTVibration: 99c7f67fba7a5ade46e98e870c6ff2444484f995
  React-runtimeexecutor: 2450b43df7ffe8e805a0b3dcb2abd4282f1f1836
  ReactCommon: d98c6c96b567f9b3a15f9fd4cc302c1eda8e3cf2
  RNCMaskedView: 5a8ec07677aa885546a0d98da336457e2bea557f
  RNFBApp: d5bc110403b55ba26ac441716259bd514d559cc5
  RNFBAuth: 4bf9e2c84d2e42651030eb80acf6b32f966f847a
  RNGestureHandler: b6b359bb800ae399a9c8b27032bdbf7c18f08a08
  RNReanimated: 89f5e0a04d1dd52fbf27e7e7030d8f80a646a3fc
  RNScreens: b748efec66e095134c7166ca333b628cd7e6f3e2
  Yoga: 9b6696970c3289e8dea34b3eda93f23e61fb8121
  YogaKit: f782866e155069a2cca2517aafea43200b01fd5a

PODFILE CHECKSUM: e169d30ef4db80fe809b2db1198eaccfbc7283d4

COCOAPODS: 1.11.2
